// !$*UTF8*$!
{
	archiveVersion = 1;
	classes = {
	};
	objectVersion = 51;
	objects = {

/* Begin PBXBuildFile section */
		4C074536268B79FB000EFA3B /* EpisodeCell.swift in Sources */ = {isa = PBXBuildFile; fileRef = 4C074535268B79FB000EFA3B /* EpisodeCell.swift */; };
		4C074538268B7B9C000EFA3B /* Date.swift in Sources */ = {isa = PBXBuildFile; fileRef = 4C074537268B7B9C000EFA3B /* Date.swift */; };
		4C07453A268BA455000EFA3B /* String.swift in Sources */ = {isa = PBXBuildFile; fileRef = 4C074539268BA455000EFA3B /* String.swift */; };
		4C07453E268BA7B4000EFA3B /* UIApplication.swift in Sources */ = {isa = PBXBuildFile; fileRef = 4C07453D268BA7B4000EFA3B /* UIApplication.swift */; };
		4C074540268BA83B000EFA3B /* CPView.swift in Sources */ = {isa = PBXBuildFile; fileRef = 4C07453F268BA83B000EFA3B /* CPView.swift */; };
		4C074544268BA8AD000EFA3B /* PlayerView.swift in Sources */ = {isa = PBXBuildFile; fileRef = 4C074543268BA8AD000EFA3B /* PlayerView.swift */; };
		4C074546268BA992000EFA3B /* CPButton.swift in Sources */ = {isa = PBXBuildFile; fileRef = 4C074545268BA992000EFA3B /* CPButton.swift */; };
		4C074548268BAE72000EFA3B /* CPSlider.swift in Sources */ = {isa = PBXBuildFile; fileRef = 4C074547268BAE72000EFA3B /* CPSlider.swift */; };
		4C334BBC268CD1EF00D85768 /* Notification.Name.swift in Sources */ = {isa = PBXBuildFile; fileRef = 4C334BBB268CD1EF00D85768 /* Notification.Name.swift */; };
		4C334BC0268D6B8A00D85768 /* CMTime.swift in Sources */ = {isa = PBXBuildFile; fileRef = 4C334BBF268D6B8A00D85768 /* CMTime.swift */; };
		4C801012268E5CDE00D4A02B /* EpisodeDescriptionCardView.swift in Sources */ = {isa = PBXBuildFile; fileRef = 4C801011268E5CDE00D4A02B /* EpisodeDescriptionCardView.swift */; };
		4C801014268E6D5C00D4A02B /* MiniPlayerView.swift in Sources */ = {isa = PBXBuildFile; fileRef = 4C801013268E6D5C00D4A02B /* MiniPlayerView.swift */; };
		4C975B73268A580900ED882D /* SearchResult.swift in Sources */ = {isa = PBXBuildFile; fileRef = 4C975B72268A580900ED882D /* SearchResult.swift */; };
		4C975B76268A629600ED882D /* APIManager.swift in Sources */ = {isa = PBXBuildFile; fileRef = 4C975B75268A629600ED882D /* APIManager.swift */; };
		4C975B78268A62D800ED882D /* UIViewController.swift in Sources */ = {isa = PBXBuildFile; fileRef = 4C975B77268A62D800ED882D /* UIViewController.swift */; };
		4C975B7A268A75F600ED882D /* PodcastCell.swift in Sources */ = {isa = PBXBuildFile; fileRef = 4C975B79268A75F600ED882D /* PodcastCell.swift */; };
		4C975B7D268A765200ED882D /* CPLabel.swift in Sources */ = {isa = PBXBuildFile; fileRef = 4C975B7C268A765200ED882D /* CPLabel.swift */; };
		4C975B7F268A76E700ED882D /* CPStackView.swift in Sources */ = {isa = PBXBuildFile; fileRef = 4C975B7E268A76E700ED882D /* CPStackView.swift */; };
		4C975B81268A788100ED882D /* CPImageView.swift in Sources */ = {isa = PBXBuildFile; fileRef = 4C975B80268A788100ED882D /* CPImageView.swift */; };
		4C975B83268A94D300ED882D /* UIImageView.swift in Sources */ = {isa = PBXBuildFile; fileRef = 4C975B82268A94D300ED882D /* UIImageView.swift */; };
		4C975B85268AC64200ED882D /* EpisodesController.swift in Sources */ = {isa = PBXBuildFile; fileRef = 4C975B84268AC64200ED882D /* EpisodesController.swift */; };
		4C975B87268ACEE800ED882D /* Episode.swift in Sources */ = {isa = PBXBuildFile; fileRef = 4C975B86268ACEE800ED882D /* Episode.swift */; };
		4CC5195526910D5600F02B90 /* FavoritesController.swift in Sources */ = {isa = PBXBuildFile; fileRef = 4CC5195426910D5600F02B90 /* FavoritesController.swift */; };
		4CC519582691115D00F02B90 /* FavoriteCell.swift in Sources */ = {isa = PBXBuildFile; fileRef = 4CC519572691115D00F02B90 /* FavoriteCell.swift */; };
		4CC5195C26915EF000F02B90 /* FavoritesManager.swift in Sources */ = {isa = PBXBuildFile; fileRef = 4CC5195B26915EF000F02B90 /* FavoritesManager.swift */; };
		4CE3277A268978A60064221C /* AppDelegate.swift in Sources */ = {isa = PBXBuildFile; fileRef = 4CE32779268978A60064221C /* AppDelegate.swift */; };
		4CE3277C268978A60064221C /* SceneDelegate.swift in Sources */ = {isa = PBXBuildFile; fileRef = 4CE3277B268978A60064221C /* SceneDelegate.swift */; };
		4CE3277E268978A60064221C /* PodcastsSearchController.swift in Sources */ = {isa = PBXBuildFile; fileRef = 4CE3277D268978A60064221C /* PodcastsSearchController.swift */; };
		4CE32783268978A60064221C /* Assets.xcassets in Resources */ = {isa = PBXBuildFile; fileRef = 4CE32782268978A60064221C /* Assets.xcassets */; };
		4CE32786268978A60064221C /* LaunchScreen.storyboard in Resources */ = {isa = PBXBuildFile; fileRef = 4CE32784268978A60064221C /* LaunchScreen.storyboard */; };
		4CE3279426897BBA0064221C /* UIView.swift in Sources */ = {isa = PBXBuildFile; fileRef = 4CE3279326897BBA0064221C /* UIView.swift */; };
		4CE3279626897D680064221C /* RootTabBarController.swift in Sources */ = {isa = PBXBuildFile; fileRef = 4CE3279526897D680064221C /* RootTabBarController.swift */; };
		4CE3279926897EBF0064221C /* Constants.swift in Sources */ = {isa = PBXBuildFile; fileRef = 4CE3279826897EBF0064221C /* Constants.swift */; };
		4CE3279B268984D10064221C /* Podcast.swift in Sources */ = {isa = PBXBuildFile; fileRef = 4CE3279A268984D10064221C /* Podcast.swift */; };
		8328FECF1C60E6251C7CA3C7 /* Pods_CastPod.framework in Frameworks */ = {isa = PBXBuildFile; fileRef = 713A904F4C1A221FC45AF031 /* Pods_CastPod.framework */; };
/* End PBXBuildFile section */

/* Begin PBXFileReference section */
		4C074535268B79FB000EFA3B /* EpisodeCell.swift */ = {isa = PBXFileReference; lastKnownFileType = sourcecode.swift; path = EpisodeCell.swift; sourceTree = "<group>"; };
		4C074537268B7B9C000EFA3B /* Date.swift */ = {isa = PBXFileReference; lastKnownFileType = sourcecode.swift; path = Date.swift; sourceTree = "<group>"; };
		4C074539268BA455000EFA3B /* String.swift */ = {isa = PBXFileReference; lastKnownFileType = sourcecode.swift; path = String.swift; sourceTree = "<group>"; };
		4C07453D268BA7B4000EFA3B /* UIApplication.swift */ = {isa = PBXFileReference; lastKnownFileType = sourcecode.swift; path = UIApplication.swift; sourceTree = "<group>"; };
		4C07453F268BA83B000EFA3B /* CPView.swift */ = {isa = PBXFileReference; lastKnownFileType = sourcecode.swift; path = CPView.swift; sourceTree = "<group>"; };
		4C074543268BA8AD000EFA3B /* PlayerView.swift */ = {isa = PBXFileReference; lastKnownFileType = sourcecode.swift; path = PlayerView.swift; sourceTree = "<group>"; };
		4C074545268BA992000EFA3B /* CPButton.swift */ = {isa = PBXFileReference; lastKnownFileType = sourcecode.swift; path = CPButton.swift; sourceTree = "<group>"; };
		4C074547268BAE72000EFA3B /* CPSlider.swift */ = {isa = PBXFileReference; lastKnownFileType = sourcecode.swift; path = CPSlider.swift; sourceTree = "<group>"; };
		4C334BBB268CD1EF00D85768 /* Notification.Name.swift */ = {isa = PBXFileReference; lastKnownFileType = sourcecode.swift; path = Notification.Name.swift; sourceTree = "<group>"; };
		4C334BBF268D6B8A00D85768 /* CMTime.swift */ = {isa = PBXFileReference; lastKnownFileType = sourcecode.swift; path = CMTime.swift; sourceTree = "<group>"; };
		4C801011268E5CDE00D4A02B /* EpisodeDescriptionCardView.swift */ = {isa = PBXFileReference; lastKnownFileType = sourcecode.swift; path = EpisodeDescriptionCardView.swift; sourceTree = "<group>"; };
		4C801013268E6D5C00D4A02B /* MiniPlayerView.swift */ = {isa = PBXFileReference; lastKnownFileType = sourcecode.swift; path = MiniPlayerView.swift; sourceTree = "<group>"; };
		4C975B72268A580900ED882D /* SearchResult.swift */ = {isa = PBXFileReference; lastKnownFileType = sourcecode.swift; path = SearchResult.swift; sourceTree = "<group>"; };
		4C975B75268A629600ED882D /* APIManager.swift */ = {isa = PBXFileReference; lastKnownFileType = sourcecode.swift; path = APIManager.swift; sourceTree = "<group>"; };
		4C975B77268A62D800ED882D /* UIViewController.swift */ = {isa = PBXFileReference; lastKnownFileType = sourcecode.swift; path = UIViewController.swift; sourceTree = "<group>"; };
		4C975B79268A75F600ED882D /* PodcastCell.swift */ = {isa = PBXFileReference; lastKnownFileType = sourcecode.swift; path = PodcastCell.swift; sourceTree = "<group>"; };
		4C975B7C268A765200ED882D /* CPLabel.swift */ = {isa = PBXFileReference; lastKnownFileType = sourcecode.swift; path = CPLabel.swift; sourceTree = "<group>"; };
		4C975B7E268A76E700ED882D /* CPStackView.swift */ = {isa = PBXFileReference; lastKnownFileType = sourcecode.swift; path = CPStackView.swift; sourceTree = "<group>"; };
		4C975B80268A788100ED882D /* CPImageView.swift */ = {isa = PBXFileReference; lastKnownFileType = sourcecode.swift; path = CPImageView.swift; sourceTree = "<group>"; };
		4C975B82268A94D300ED882D /* UIImageView.swift */ = {isa = PBXFileReference; lastKnownFileType = sourcecode.swift; path = UIImageView.swift; sourceTree = "<group>"; };
		4C975B84268AC64200ED882D /* EpisodesController.swift */ = {isa = PBXFileReference; lastKnownFileType = sourcecode.swift; path = EpisodesController.swift; sourceTree = "<group>"; };
		4C975B86268ACEE800ED882D /* Episode.swift */ = {isa = PBXFileReference; lastKnownFileType = sourcecode.swift; path = Episode.swift; sourceTree = "<group>"; };
		4CC5195426910D5600F02B90 /* FavoritesController.swift */ = {isa = PBXFileReference; lastKnownFileType = sourcecode.swift; path = FavoritesController.swift; sourceTree = "<group>"; };
		4CC519572691115D00F02B90 /* FavoriteCell.swift */ = {isa = PBXFileReference; lastKnownFileType = sourcecode.swift; path = FavoriteCell.swift; sourceTree = "<group>"; };
		4CC5195B26915EF000F02B90 /* FavoritesManager.swift */ = {isa = PBXFileReference; lastKnownFileType = sourcecode.swift; path = FavoritesManager.swift; sourceTree = "<group>"; };
		4CE32776268978A60064221C /* CastPod.app */ = {isa = PBXFileReference; explicitFileType = wrapper.application; includeInIndex = 0; path = CastPod.app; sourceTree = BUILT_PRODUCTS_DIR; };
		4CE32779268978A60064221C /* AppDelegate.swift */ = {isa = PBXFileReference; lastKnownFileType = sourcecode.swift; path = AppDelegate.swift; sourceTree = "<group>"; };
		4CE3277B268978A60064221C /* SceneDelegate.swift */ = {isa = PBXFileReference; lastKnownFileType = sourcecode.swift; path = SceneDelegate.swift; sourceTree = "<group>"; };
		4CE3277D268978A60064221C /* PodcastsSearchController.swift */ = {isa = PBXFileReference; lastKnownFileType = sourcecode.swift; path = PodcastsSearchController.swift; sourceTree = "<group>"; };
		4CE32782268978A60064221C /* Assets.xcassets */ = {isa = PBXFileReference; lastKnownFileType = folder.assetcatalog; path = Assets.xcassets; sourceTree = "<group>"; };
		4CE32785268978A60064221C /* Base */ = {isa = PBXFileReference; lastKnownFileType = file.storyboard; name = Base; path = Base.lproj/LaunchScreen.storyboard; sourceTree = "<group>"; };
		4CE32787268978A60064221C /* Info.plist */ = {isa = PBXFileReference; lastKnownFileType = text.plist.xml; path = Info.plist; sourceTree = "<group>"; };
		4CE3279326897BBA0064221C /* UIView.swift */ = {isa = PBXFileReference; lastKnownFileType = sourcecode.swift; path = UIView.swift; sourceTree = "<group>"; };
		4CE3279526897D680064221C /* RootTabBarController.swift */ = {isa = PBXFileReference; lastKnownFileType = sourcecode.swift; path = RootTabBarController.swift; sourceTree = "<group>"; };
		4CE3279826897EBF0064221C /* Constants.swift */ = {isa = PBXFileReference; lastKnownFileType = sourcecode.swift; path = Constants.swift; sourceTree = "<group>"; };
		4CE3279A268984D10064221C /* Podcast.swift */ = {isa = PBXFileReference; lastKnownFileType = sourcecode.swift; path = Podcast.swift; sourceTree = "<group>"; };
		68F6ECD063A6AFEEB37D8F70 /* Pods-CastPod.release.xcconfig */ = {isa = PBXFileReference; includeInIndex = 1; lastKnownFileType = text.xcconfig; name = "Pods-CastPod.release.xcconfig"; path = "Target Support Files/Pods-CastPod/Pods-CastPod.release.xcconfig"; sourceTree = "<group>"; };
		713A904F4C1A221FC45AF031 /* Pods_CastPod.framework */ = {isa = PBXFileReference; explicitFileType = wrapper.framework; includeInIndex = 0; path = Pods_CastPod.framework; sourceTree = BUILT_PRODUCTS_DIR; };
		9C8F42CB9E363633FE9C7E31 /* Pods-CastPod.debug.xcconfig */ = {isa = PBXFileReference; includeInIndex = 1; lastKnownFileType = text.xcconfig; name = "Pods-CastPod.debug.xcconfig"; path = "Target Support Files/Pods-CastPod/Pods-CastPod.debug.xcconfig"; sourceTree = "<group>"; };
/* End PBXFileReference section */

/* Begin PBXFrameworksBuildPhase section */
		4CE32773268978A60064221C /* Frameworks */ = {
			isa = PBXFrameworksBuildPhase;
			buildActionMask = 2147483647;
			files = (
				8328FECF1C60E6251C7CA3C7 /* Pods_CastPod.framework in Frameworks */,
			);
			runOnlyForDeploymentPostprocessing = 0;
		};
/* End PBXFrameworksBuildPhase section */

/* Begin PBXGroup section */
		4C074541268BA894000EFA3B /* UITableViewCells */ = {
			isa = PBXGroup;
			children = (
				4C975B79268A75F600ED882D /* PodcastCell.swift */,
				4C074535268B79FB000EFA3B /* EpisodeCell.swift */,
			);
			path = UITableViewCells;
			sourceTree = "<group>";
		};
		4C074542268BA89C000EFA3B /* UIViews */ = {
			isa = PBXGroup;
			children = (
				4C074543268BA8AD000EFA3B /* PlayerView.swift */,
				4C801011268E5CDE00D4A02B /* EpisodeDescriptionCardView.swift */,
				4C801013268E6D5C00D4A02B /* MiniPlayerView.swift */,
			);
			path = UIViews;
			sourceTree = "<group>";
		};
		4C975B74268A628500ED882D /* Manager */ = {
			isa = PBXGroup;
			children = (
				4C975B75268A629600ED882D /* APIManager.swift */,
				4CC5195B26915EF000F02B90 /* FavoritesManager.swift */,
			);
			path = Manager;
			sourceTree = "<group>";
		};
		4C975B7B268A763C00ED882D /* GenericViews */ = {
			isa = PBXGroup;
			children = (
				4C975B7C268A765200ED882D /* CPLabel.swift */,
				4C975B7E268A76E700ED882D /* CPStackView.swift */,
				4C975B80268A788100ED882D /* CPImageView.swift */,
				4C07453F268BA83B000EFA3B /* CPView.swift */,
				4C074545268BA992000EFA3B /* CPButton.swift */,
				4C074547268BAE72000EFA3B /* CPSlider.swift */,
			);
			path = GenericViews;
			sourceTree = "<group>";
		};
		4CC519562691114A00F02B90 /* UICollectionViewCells */ = {
			isa = PBXGroup;
			children = (
				4CC519572691115D00F02B90 /* FavoriteCell.swift */,
			);
			path = UICollectionViewCells;
			sourceTree = "<group>";
		};
		4CC5195D2691678900F02B90 /* PodcastsSearchController */ = {
			isa = PBXGroup;
			children = (
				4CE3277D268978A60064221C /* PodcastsSearchController.swift */,
				4C975B84268AC64200ED882D /* EpisodesController.swift */,
			);
			path = PodcastsSearchController;
			sourceTree = "<group>";
		};
		4CE3276D268978A50064221C = {
			isa = PBXGroup;
			children = (
				4CE32778268978A60064221C /* CastPod */,
				4CE32777268978A60064221C /* Products */,
				EF31440E3AB1A55D2780E141 /* Pods */,
				98906A3789D4CAA62052AF49 /* Frameworks */,
			);
			sourceTree = "<group>";
		};
		4CE32777268978A60064221C /* Products */ = {
			isa = PBXGroup;
			children = (
				4CE32776268978A60064221C /* CastPod.app */,
			);
			name = Products;
			sourceTree = "<group>";
		};
		4CE32778268978A60064221C /* CastPod */ = {
			isa = PBXGroup;
			children = (
				4CE3279026897AF90064221C /* App */,
				4CE3279726897EB90064221C /* Utilities */,
				4CE3279226897B0A0064221C /* Extensions */,
				4C975B74268A628500ED882D /* Manager */,
				4CE3278D26897AD80064221C /* Models */,
				4CE3278E26897AE00064221C /* Views */,
				4CE3278F26897AEC0064221C /* Controllers */,
				4CE3279126897B040064221C /* Resources */,
				4CE32787268978A60064221C /* Info.plist */,
			);
			path = CastPod;
			sourceTree = "<group>";
		};
		4CE3278D26897AD80064221C /* Models */ = {
			isa = PBXGroup;
			children = (
				4C975B72268A580900ED882D /* SearchResult.swift */,
				4CE3279A268984D10064221C /* Podcast.swift */,
				4C975B86268ACEE800ED882D /* Episode.swift */,
			);
			path = Models;
			sourceTree = "<group>";
		};
		4CE3278E26897AE00064221C /* Views */ = {
			isa = PBXGroup;
			children = (
				4CC519562691114A00F02B90 /* UICollectionViewCells */,
				4C074542268BA89C000EFA3B /* UIViews */,
				4C975B7B268A763C00ED882D /* GenericViews */,
				4C074541268BA894000EFA3B /* UITableViewCells */,
			);
			path = Views;
			sourceTree = "<group>";
		};
		4CE3278F26897AEC0064221C /* Controllers */ = {
			isa = PBXGroup;
			children = (
				4CE3279526897D680064221C /* RootTabBarController.swift */,
				4CC5195426910D5600F02B90 /* FavoritesController.swift */,
				4CC5195D2691678900F02B90 /* PodcastsSearchController */,
			);
			path = Controllers;
			sourceTree = "<group>";
		};
		4CE3279026897AF90064221C /* App */ = {
			isa = PBXGroup;
			children = (
				4CE32779268978A60064221C /* AppDelegate.swift */,
				4CE3277B268978A60064221C /* SceneDelegate.swift */,
			);
			path = App;
			sourceTree = "<group>";
		};
		4CE3279126897B040064221C /* Resources */ = {
			isa = PBXGroup;
			children = (
				4CE32782268978A60064221C /* Assets.xcassets */,
				4CE32784268978A60064221C /* LaunchScreen.storyboard */,
			);
			path = Resources;
			sourceTree = "<group>";
		};
		4CE3279226897B0A0064221C /* Extensions */ = {
			isa = PBXGroup;
			children = (
				4CE3279326897BBA0064221C /* UIView.swift */,
				4C975B77268A62D800ED882D /* UIViewController.swift */,
				4C975B82268A94D300ED882D /* UIImageView.swift */,
				4C074537268B7B9C000EFA3B /* Date.swift */,
				4C074539268BA455000EFA3B /* String.swift */,
				4C07453D268BA7B4000EFA3B /* UIApplication.swift */,
				4C334BBB268CD1EF00D85768 /* Notification.Name.swift */,
				4C334BBF268D6B8A00D85768 /* CMTime.swift */,
			);
			path = Extensions;
			sourceTree = "<group>";
		};
		4CE3279726897EB90064221C /* Utilities */ = {
			isa = PBXGroup;
			children = (
				4CE3279826897EBF0064221C /* Constants.swift */,
			);
			path = Utilities;
			sourceTree = "<group>";
		};
		98906A3789D4CAA62052AF49 /* Frameworks */ = {
			isa = PBXGroup;
			children = (
				713A904F4C1A221FC45AF031 /* Pods_CastPod.framework */,
			);
			name = Frameworks;
			sourceTree = "<group>";
		};
		EF31440E3AB1A55D2780E141 /* Pods */ = {
			isa = PBXGroup;
			children = (
				9C8F42CB9E363633FE9C7E31 /* Pods-CastPod.debug.xcconfig */,
				68F6ECD063A6AFEEB37D8F70 /* Pods-CastPod.release.xcconfig */,
			);
			path = Pods;
			sourceTree = "<group>";
		};
/* End PBXGroup section */

/* Begin PBXNativeTarget section */
		4CE32775268978A60064221C /* CastPod */ = {
			isa = PBXNativeTarget;
			buildConfigurationList = 4CE3278A268978A60064221C /* Build configuration list for PBXNativeTarget "CastPod" */;
			buildPhases = (
				8DB63B294C956B15FFE43CE8 /* [CP] Check Pods Manifest.lock */,
				4CE32772268978A60064221C /* Sources */,
				4CE32773268978A60064221C /* Frameworks */,
				4CE32774268978A60064221C /* Resources */,
				F65A14CF765EA5165307B7B4 /* [CP] Embed Pods Frameworks */,
			);
			buildRules = (
			);
			dependencies = (
			);
			name = CastPod;
			productName = CastPod;
			productReference = 4CE32776268978A60064221C /* CastPod.app */;
			productType = "com.apple.product-type.application";
		};
/* End PBXNativeTarget section */

/* Begin PBXProject section */
		4CE3276E268978A50064221C /* Project object */ = {
			isa = PBXProject;
			attributes = {
				LastSwiftUpdateCheck = 1250;
				LastUpgradeCheck = 1250;
				TargetAttributes = {
					4CE32775268978A60064221C = {
						CreatedOnToolsVersion = 12.5.1;
					};
				};
			};
			buildConfigurationList = 4CE32771268978A50064221C /* Build configuration list for PBXProject "CastPod" */;
			compatibilityVersion = "Xcode 9.3";
			developmentRegion = en;
			hasScannedForEncodings = 0;
			knownRegions = (
				en,
				Base,
			);
			mainGroup = 4CE3276D268978A50064221C;
			productRefGroup = 4CE32777268978A60064221C /* Products */;
			projectDirPath = "";
			projectRoot = "";
			targets = (
				4CE32775268978A60064221C /* CastPod */,
			);
		};
/* End PBXProject section */

/* Begin PBXResourcesBuildPhase section */
		4CE32774268978A60064221C /* Resources */ = {
			isa = PBXResourcesBuildPhase;
			buildActionMask = 2147483647;
			files = (
				4CE32786268978A60064221C /* LaunchScreen.storyboard in Resources */,
				4CE32783268978A60064221C /* Assets.xcassets in Resources */,
			);
			runOnlyForDeploymentPostprocessing = 0;
		};
/* End PBXResourcesBuildPhase section */

/* Begin PBXShellScriptBuildPhase section */
		8DB63B294C956B15FFE43CE8 /* [CP] Check Pods Manifest.lock */ = {
			isa = PBXShellScriptBuildPhase;
			buildActionMask = 2147483647;
			files = (
			);
			inputFileListPaths = (
			);
			inputPaths = (
				"${PODS_PODFILE_DIR_PATH}/Podfile.lock",
				"${PODS_ROOT}/Manifest.lock",
			);
			name = "[CP] Check Pods Manifest.lock";
			outputFileListPaths = (
			);
			outputPaths = (
				"$(DERIVED_FILE_DIR)/Pods-CastPod-checkManifestLockResult.txt",
			);
			runOnlyForDeploymentPostprocessing = 0;
			shellPath = /bin/sh;
			shellScript = "diff \"${PODS_PODFILE_DIR_PATH}/Podfile.lock\" \"${PODS_ROOT}/Manifest.lock\" > /dev/null\nif [ $? != 0 ] ; then\n    # print error to STDERR\n    echo \"error: The sandbox is not in sync with the Podfile.lock. Run 'pod install' or update your CocoaPods installation.\" >&2\n    exit 1\nfi\n# This output is used by Xcode 'outputs' to avoid re-running this script phase.\necho \"SUCCESS\" > \"${SCRIPT_OUTPUT_FILE_0}\"\n";
			showEnvVarsInLog = 0;
		};
		F65A14CF765EA5165307B7B4 /* [CP] Embed Pods Frameworks */ = {
			isa = PBXShellScriptBuildPhase;
			buildActionMask = 2147483647;
			files = (
			);
			inputFileListPaths = (
				"${PODS_ROOT}/Target Support Files/Pods-CastPod/Pods-CastPod-frameworks-${CONFIGURATION}-input-files.xcfilelist",
			);
			name = "[CP] Embed Pods Frameworks";
			outputFileListPaths = (
				"${PODS_ROOT}/Target Support Files/Pods-CastPod/Pods-CastPod-frameworks-${CONFIGURATION}-output-files.xcfilelist",
			);
			runOnlyForDeploymentPostprocessing = 0;
			shellPath = /bin/sh;
			shellScript = "\"${PODS_ROOT}/Target Support Files/Pods-CastPod/Pods-CastPod-frameworks.sh\"\n";
			showEnvVarsInLog = 0;
		};
/* End PBXShellScriptBuildPhase section */

/* Begin PBXSourcesBuildPhase section */
		4CE32772268978A60064221C /* Sources */ = {
			isa = PBXSourcesBuildPhase;
			buildActionMask = 2147483647;
			files = (
				4C074546268BA992000EFA3B /* CPButton.swift in Sources */,
				4C975B7F268A76E700ED882D /* CPStackView.swift in Sources */,
				4C975B83268A94D300ED882D /* UIImageView.swift in Sources */,
				4C07453A268BA455000EFA3B /* String.swift in Sources */,
				4C074544268BA8AD000EFA3B /* PlayerView.swift in Sources */,
				4CE3279426897BBA0064221C /* UIView.swift in Sources */,
				4C975B85268AC64200ED882D /* EpisodesController.swift in Sources */,
				4CE3279B268984D10064221C /* Podcast.swift in Sources */,
				4C975B73268A580900ED882D /* SearchResult.swift in Sources */,
				4C975B76268A629600ED882D /* APIManager.swift in Sources */,
				4C975B78268A62D800ED882D /* UIViewController.swift in Sources */,
				4CE3279626897D680064221C /* RootTabBarController.swift in Sources */,
				4C975B81268A788100ED882D /* CPImageView.swift in Sources */,
				4CE3277E268978A60064221C /* PodcastsSearchController.swift in Sources */,
				4CC519582691115D00F02B90 /* FavoriteCell.swift in Sources */,
				4C975B7D268A765200ED882D /* CPLabel.swift in Sources */,
				4C801014268E6D5C00D4A02B /* MiniPlayerView.swift in Sources */,
				4C801012268E5CDE00D4A02B /* EpisodeDescriptionCardView.swift in Sources */,
				4CC5195526910D5600F02B90 /* FavoritesController.swift in Sources */,
				4C074540268BA83B000EFA3B /* CPView.swift in Sources */,
				4CE3277A268978A60064221C /* AppDelegate.swift in Sources */,
				4C975B87268ACEE800ED882D /* Episode.swift in Sources */,
				4C07453E268BA7B4000EFA3B /* UIApplication.swift in Sources */,
				4C334BBC268CD1EF00D85768 /* Notification.Name.swift in Sources */,
				4C975B7A268A75F600ED882D /* PodcastCell.swift in Sources */,
				4C334BC0268D6B8A00D85768 /* CMTime.swift in Sources */,
				4CE3277C268978A60064221C /* SceneDelegate.swift in Sources */,
				4C074538268B7B9C000EFA3B /* Date.swift in Sources */,
				4CE3279926897EBF0064221C /* Constants.swift in Sources */,
				4C074548268BAE72000EFA3B /* CPSlider.swift in Sources */,
				4C074536268B79FB000EFA3B /* EpisodeCell.swift in Sources */,
				4CC5195C26915EF000F02B90 /* FavoritesManager.swift in Sources */,
			);
			runOnlyForDeploymentPostprocessing = 0;
		};
/* End PBXSourcesBuildPhase section */

/* Begin PBXVariantGroup section */
		4CE32784268978A60064221C /* LaunchScreen.storyboard */ = {
			isa = PBXVariantGroup;
			children = (
				4CE32785268978A60064221C /* Base */,
			);
			name = LaunchScreen.storyboard;
			sourceTree = "<group>";
		};
/* End PBXVariantGroup section */

/* Begin XCBuildConfiguration section */
		4CE32788268978A60064221C /* Debug */ = {
			isa = XCBuildConfiguration;
			buildSettings = {
				ALWAYS_SEARCH_USER_PATHS = NO;
				CLANG_ANALYZER_NONNULL = YES;
				CLANG_ANALYZER_NUMBER_OBJECT_CONVERSION = YES_AGGRESSIVE;
				CLANG_CXX_LANGUAGE_STANDARD = "gnu++14";
				CLANG_CXX_LIBRARY = "libc++";
				CLANG_ENABLE_MODULES = YES;
				CLANG_ENABLE_OBJC_ARC = YES;
				CLANG_ENABLE_OBJC_WEAK = YES;
				CLANG_WARN_BLOCK_CAPTURE_AUTORELEASING = YES;
				CLANG_WARN_BOOL_CONVERSION = YES;
				CLANG_WARN_COMMA = YES;
				CLANG_WARN_CONSTANT_CONVERSION = YES;
				CLANG_WARN_DEPRECATED_OBJC_IMPLEMENTATIONS = YES;
				CLANG_WARN_DIRECT_OBJC_ISA_USAGE = YES_ERROR;
				CLANG_WARN_DOCUMENTATION_COMMENTS = YES;
				CLANG_WARN_EMPTY_BODY = YES;
				CLANG_WARN_ENUM_CONVERSION = YES;
				CLANG_WARN_INFINITE_RECURSION = YES;
				CLANG_WARN_INT_CONVERSION = YES;
				CLANG_WARN_NON_LITERAL_NULL_CONVERSION = YES;
				CLANG_WARN_OBJC_IMPLICIT_RETAIN_SELF = YES;
				CLANG_WARN_OBJC_LITERAL_CONVERSION = YES;
				CLANG_WARN_OBJC_ROOT_CLASS = YES_ERROR;
				CLANG_WARN_QUOTED_INCLUDE_IN_FRAMEWORK_HEADER = YES;
				CLANG_WARN_RANGE_LOOP_ANALYSIS = YES;
				CLANG_WARN_STRICT_PROTOTYPES = YES;
				CLANG_WARN_SUSPICIOUS_MOVE = YES;
				CLANG_WARN_UNGUARDED_AVAILABILITY = YES_AGGRESSIVE;
				CLANG_WARN_UNREACHABLE_CODE = YES;
				CLANG_WARN__DUPLICATE_METHOD_MATCH = YES;
				COPY_PHASE_STRIP = NO;
				DEBUG_INFORMATION_FORMAT = dwarf;
				ENABLE_STRICT_OBJC_MSGSEND = YES;
				ENABLE_TESTABILITY = YES;
				GCC_C_LANGUAGE_STANDARD = gnu11;
				GCC_DYNAMIC_NO_PIC = NO;
				GCC_NO_COMMON_BLOCKS = YES;
				GCC_OPTIMIZATION_LEVEL = 0;
				GCC_PREPROCESSOR_DEFINITIONS = (
					"DEBUG=1",
					"$(inherited)",
				);
				GCC_WARN_64_TO_32_BIT_CONVERSION = YES;
				GCC_WARN_ABOUT_RETURN_TYPE = YES_ERROR;
				GCC_WARN_UNDECLARED_SELECTOR = YES;
				GCC_WARN_UNINITIALIZED_AUTOS = YES_AGGRESSIVE;
				GCC_WARN_UNUSED_FUNCTION = YES;
				GCC_WARN_UNUSED_VARIABLE = YES;
				IPHONEOS_DEPLOYMENT_TARGET = 14.5;
				MTL_ENABLE_DEBUG_INFO = INCLUDE_SOURCE;
				MTL_FAST_MATH = YES;
				ONLY_ACTIVE_ARCH = YES;
				SDKROOT = iphoneos;
				SWIFT_ACTIVE_COMPILATION_CONDITIONS = DEBUG;
				SWIFT_OPTIMIZATION_LEVEL = "-Onone";
			};
			name = Debug;
		};
		4CE32789268978A60064221C /* Release */ = {
			isa = XCBuildConfiguration;
			buildSettings = {
				ALWAYS_SEARCH_USER_PATHS = NO;
				CLANG_ANALYZER_NONNULL = YES;
				CLANG_ANALYZER_NUMBER_OBJECT_CONVERSION = YES_AGGRESSIVE;
				CLANG_CXX_LANGUAGE_STANDARD = "gnu++14";
				CLANG_CXX_LIBRARY = "libc++";
				CLANG_ENABLE_MODULES = YES;
				CLANG_ENABLE_OBJC_ARC = YES;
				CLANG_ENABLE_OBJC_WEAK = YES;
				CLANG_WARN_BLOCK_CAPTURE_AUTORELEASING = YES;
				CLANG_WARN_BOOL_CONVERSION = YES;
				CLANG_WARN_COMMA = YES;
				CLANG_WARN_CONSTANT_CONVERSION = YES;
				CLANG_WARN_DEPRECATED_OBJC_IMPLEMENTATIONS = YES;
				CLANG_WARN_DIRECT_OBJC_ISA_USAGE = YES_ERROR;
				CLANG_WARN_DOCUMENTATION_COMMENTS = YES;
				CLANG_WARN_EMPTY_BODY = YES;
				CLANG_WARN_ENUM_CONVERSION = YES;
				CLANG_WARN_INFINITE_RECURSION = YES;
				CLANG_WARN_INT_CONVERSION = YES;
				CLANG_WARN_NON_LITERAL_NULL_CONVERSION = YES;
				CLANG_WARN_OBJC_IMPLICIT_RETAIN_SELF = YES;
				CLANG_WARN_OBJC_LITERAL_CONVERSION = YES;
				CLANG_WARN_OBJC_ROOT_CLASS = YES_ERROR;
				CLANG_WARN_QUOTED_INCLUDE_IN_FRAMEWORK_HEADER = YES;
				CLANG_WARN_RANGE_LOOP_ANALYSIS = YES;
				CLANG_WARN_STRICT_PROTOTYPES = YES;
				CLANG_WARN_SUSPICIOUS_MOVE = YES;
				CLANG_WARN_UNGUARDED_AVAILABILITY = YES_AGGRESSIVE;
				CLANG_WARN_UNREACHABLE_CODE = YES;
				CLANG_WARN__DUPLICATE_METHOD_MATCH = YES;
				COPY_PHASE_STRIP = NO;
				DEBUG_INFORMATION_FORMAT = "dwarf-with-dsym";
				ENABLE_NS_ASSERTIONS = NO;
				ENABLE_STRICT_OBJC_MSGSEND = YES;
				GCC_C_LANGUAGE_STANDARD = gnu11;
				GCC_NO_COMMON_BLOCKS = YES;
				GCC_WARN_64_TO_32_BIT_CONVERSION = YES;
				GCC_WARN_ABOUT_RETURN_TYPE = YES_ERROR;
				GCC_WARN_UNDECLARED_SELECTOR = YES;
				GCC_WARN_UNINITIALIZED_AUTOS = YES_AGGRESSIVE;
				GCC_WARN_UNUSED_FUNCTION = YES;
				GCC_WARN_UNUSED_VARIABLE = YES;
				IPHONEOS_DEPLOYMENT_TARGET = 14.5;
				MTL_ENABLE_DEBUG_INFO = NO;
				MTL_FAST_MATH = YES;
				SDKROOT = iphoneos;
				SWIFT_COMPILATION_MODE = wholemodule;
				SWIFT_OPTIMIZATION_LEVEL = "-O";
				VALIDATE_PRODUCT = YES;
			};
			name = Release;
		};
		4CE3278B268978A60064221C /* Debug */ = {
			isa = XCBuildConfiguration;
			baseConfigurationReference = 9C8F42CB9E363633FE9C7E31 /* Pods-CastPod.debug.xcconfig */;
			buildSettings = {
				ASSETCATALOG_COMPILER_APPICON_NAME = AppIcon;
				ASSETCATALOG_COMPILER_GLOBAL_ACCENT_COLOR_NAME = AccentColor;
				CODE_SIGN_STYLE = Automatic;
				DEVELOPMENT_TEAM = YNSMJAS38V;
				INFOPLIST_FILE = CastPod/Info.plist;
				LD_RUNPATH_SEARCH_PATHS = (
					"$(inherited)",
					"@executable_path/Frameworks",
				);
				PRODUCT_BUNDLE_IDENTIFIER = com.williamyeung.CastPod;
				PRODUCT_NAME = "$(TARGET_NAME)";
				SWIFT_VERSION = 5.0;
				TARGETED_DEVICE_FAMILY = "1,2";
			};
			name = Debug;
		};
		4CE3278C268978A60064221C /* Release */ = {
			isa = XCBuildConfiguration;
			baseConfigurationReference = 68F6ECD063A6AFEEB37D8F70 /* Pods-CastPod.release.xcconfig */;
			buildSettings = {
				ASSETCATALOG_COMPILER_APPICON_NAME = AppIcon;
				ASSETCATALOG_COMPILER_GLOBAL_ACCENT_COLOR_NAME = AccentColor;
				CODE_SIGN_STYLE = Automatic;
				DEVELOPMENT_TEAM = YNSMJAS38V;
				INFOPLIST_FILE = CastPod/Info.plist;
				LD_RUNPATH_SEARCH_PATHS = (
					"$(inherited)",
					"@executable_path/Frameworks",
				);
				PRODUCT_BUNDLE_IDENTIFIER = com.williamyeung.CastPod;
				PRODUCT_NAME = "$(TARGET_NAME)";
				SWIFT_VERSION = 5.0;
				TARGETED_DEVICE_FAMILY = "1,2";
			};
			name = Release;
		};
/* End XCBuildConfiguration section */

/* Begin XCConfigurationList section */
		4CE32771268978A50064221C /* Build configuration list for PBXProject "CastPod" */ = {
			isa = XCConfigurationList;
			buildConfigurations = (
				4CE32788268978A60064221C /* Debug */,
				4CE32789268978A60064221C /* Release */,
			);
			defaultConfigurationIsVisible = 0;
			defaultConfigurationName = Release;
		};
		4CE3278A268978A60064221C /* Build configuration list for PBXNativeTarget "CastPod" */ = {
			isa = XCConfigurationList;
			buildConfigurations = (
				4CE3278B268978A60064221C /* Debug */,
				4CE3278C268978A60064221C /* Release */,
			);
			defaultConfigurationIsVisible = 0;
			defaultConfigurationName = Release;
		};
/* End XCConfigurationList section */
	};
	rootObject = 4CE3276E268978A50064221C /* Project object */;
}
